
Microsoft Visual Studio Solution File, Format Version 12.00
# Visual Studio Version 17
VisualStudioVersion = 17.1.32328.378
MinimumVisualStudioVersion = 10.0.40219.1
Project("{FAE04EC0-301F-11D3-BF4B-00C04F79EFBC}") = "BaiTap_Codelearn", "BaiTap_Codelearn\BaiTap_Codelearn.csproj", "{FC898F95-60CA-4826-B23A-951A2446290D}"
EndProject
Global
	GlobalSection(SolutionConfigurationPlatforms) = preSolution
		Debug|Any CPU = Debug|Any CPU
		Release|Any CPU = Release|Any CPU
	EndGlobalSection
	GlobalSection(ProjectConfigurationPlatforms) = postSolution
		{FC898F95-60CA-4826-B23A-951A2446290D}.Debug|Any CPU.ActiveCfg = Debug|Any CPU
		{FC898F95-60CA-4826-B23A-951A2446290D}.Debug|Any CPU.Build.0 = Debug|Any CPU
		{FC898F95-60CA-4826-B23A-951A2446290D}.Release|Any CPU.ActiveCfg = Release|Any CPU
		{FC898F95-60CA-4826-B23A-951A2446290D}.Release|Any CPU.Build.0 = Release|Any CPU
	EndGlobalSection
	GlobalSection(SolutionProperties) = preSolution
		HideSolutionNode = FALSE
	EndGlobalSection
	GlobalSection(ExtensibilityGlobals) = postSolution
		SolutionGuid = {5B76A77C-98CB-4651-8CBA-C490A7CB8328}
	EndGlobalSection
EndGlobal
